
Microsoft Visual Studio Solution File, Format Version 12.00
# Visual Studio Version 17
VisualStudioVersion = 17.2.32630.192
MinimumVisualStudioVersion = 10.0.40219.1
Project("{9A19103F-16F7-4668-BE54-9A1E7A4F7556}") = "01", "01\01.csproj", "{C1A5A54E-0718-42C2-B014-8494CE4F6B48}"
EndProject
Project("{9A19103F-16F7-4668-BE54-9A1E7A4F7556}") = "02", "02\02.csproj", "{2C76E8B7-2132-4269-83A1-B4EE026D01ED}"
EndProject
Project("{9A19103F-16F7-4668-BE54-9A1E7A4F7556}") = "02.Tests", "02.Tests\02.Tests.csproj", "{023D996B-8B86-4F15-9AF4-F7966B2511B9}"
EndProject
Project("{9A19103F-16F7-4668-BE54-9A1E7A4F7556}") = "03", "03\03.csproj", "{40D9D22E-E2E4-4966-8007-C7FBB416E3A3}"
EndProject
Project("{9A19103F-16F7-4668-BE54-9A1E7A4F7556}") = "04", "04\04.csproj", "{FDF673D5-3433-4061-A1E8-0A834D69D1A9}"
EndProject
Project("{9A19103F-16F7-4668-BE54-9A1E7A4F7556}") = "00", "00\00.csproj", "{37F6CF9C-5CFB-4D20-AA1F-1163D9A1F5D9}"
EndProject
Project("{9A19103F-16F7-4668-BE54-9A1E7A4F7556}") = "04.Tests", "04.Tests\04.Tests.csproj", "{D24F4C89-7FDF-4B54-AE94-D970103A539C}"
EndProject
Project("{9A19103F-16F7-4668-BE54-9A1E7A4F7556}") = "Shared", "Shared\Shared.csproj", "{D7561E3E-23F3-4C93-9D63-325192E3DD50}"
EndProject
Project("{9A19103F-16F7-4668-BE54-9A1E7A4F7556}") = "05", "05\05.csproj", "{527D39D1-C8B9-46A4-BAA5-FD56B30DAC72}"
EndProject
Project("{9A19103F-16F7-4668-BE54-9A1E7A4F7556}") = "05.Tests", "05.Tests\05.Tests.csproj", "{A0CD70E1-C609-43C0-BEC2-E462496E395C}"
EndProject
Project("{9A19103F-16F7-4668-BE54-9A1E7A4F7556}") = "06", "06\06.csproj", "{26EEB3CF-832E-4E6B-8055-89C2F473C3B7}"
EndProject
Project("{FAE04EC0-301F-11D3-BF4B-00C04F79EFBC}") = "07", "07\07.csproj", "{038368C3-6F98-405A-8587-7A75CE971DA0}"
EndProject
Project("{FAE04EC0-301F-11D3-BF4B-00C04F79EFBC}") = "07.Tests", "07.Tests\07.Tests.csproj", "{5D121E6C-CD00-4495-9105-0CFD612F0E67}"
EndProject
Project("{FAE04EC0-301F-11D3-BF4B-00C04F79EFBC}") = "Day08", "Day08\Day08.csproj", "{BA44F542-31AE-4E93-AD1F-CE895B7B38EF}"
EndProject
Project("{FAE04EC0-301F-11D3-BF4B-00C04F79EFBC}") = "Day08.Tests", "Day08.Tests\Day08.Tests.csproj", "{62FAAA39-9114-4A5C-89B1-D4A30A68C006}"
EndProject
Global
	GlobalSection(SolutionConfigurationPlatforms) = preSolution
		Debug|Any CPU = Debug|Any CPU
		Release|Any CPU = Release|Any CPU
	EndGlobalSection
	GlobalSection(ProjectConfigurationPlatforms) = postSolution
		{C1A5A54E-0718-42C2-B014-8494CE4F6B48}.Debug|Any CPU.ActiveCfg = Debug|Any CPU
		{C1A5A54E-0718-42C2-B014-8494CE4F6B48}.Debug|Any CPU.Build.0 = Debug|Any CPU
		{C1A5A54E-0718-42C2-B014-8494CE4F6B48}.Release|Any CPU.ActiveCfg = Release|Any CPU
		{C1A5A54E-0718-42C2-B014-8494CE4F6B48}.Release|Any CPU.Build.0 = Release|Any CPU
		{2C76E8B7-2132-4269-83A1-B4EE026D01ED}.Debug|Any CPU.ActiveCfg = Debug|Any CPU
		{2C76E8B7-2132-4269-83A1-B4EE026D01ED}.Debug|Any CPU.Build.0 = Debug|Any CPU
		{2C76E8B7-2132-4269-83A1-B4EE026D01ED}.Release|Any CPU.ActiveCfg = Release|Any CPU
		{2C76E8B7-2132-4269-83A1-B4EE026D01ED}.Release|Any CPU.Build.0 = Release|Any CPU
		{023D996B-8B86-4F15-9AF4-F7966B2511B9}.Debug|Any CPU.ActiveCfg = Debug|Any CPU
		{023D996B-8B86-4F15-9AF4-F7966B2511B9}.Debug|Any CPU.Build.0 = Debug|Any CPU
		{023D996B-8B86-4F15-9AF4-F7966B2511B9}.Release|Any CPU.ActiveCfg = Release|Any CPU
		{023D996B-8B86-4F15-9AF4-F7966B2511B9}.Release|Any CPU.Build.0 = Release|Any CPU
		{40D9D22E-E2E4-4966-8007-C7FBB416E3A3}.Debug|Any CPU.ActiveCfg = Debug|Any CPU
		{40D9D22E-E2E4-4966-8007-C7FBB416E3A3}.Debug|Any CPU.Build.0 = Debug|Any CPU
		{40D9D22E-E2E4-4966-8007-C7FBB416E3A3}.Release|Any CPU.ActiveCfg = Release|Any CPU
		{40D9D22E-E2E4-4966-8007-C7FBB416E3A3}.Release|Any CPU.Build.0 = Release|Any CPU
		{FDF673D5-3433-4061-A1E8-0A834D69D1A9}.Debug|Any CPU.ActiveCfg = Debug|Any CPU
		{FDF673D5-3433-4061-A1E8-0A834D69D1A9}.Debug|Any CPU.Build.0 = Debug|Any CPU
		{FDF673D5-3433-4061-A1E8-0A834D69D1A9}.Release|Any CPU.ActiveCfg = Release|Any CPU
		{FDF673D5-3433-4061-A1E8-0A834D69D1A9}.Release|Any CPU.Build.0 = Release|Any CPU
		{37F6CF9C-5CFB-4D20-AA1F-1163D9A1F5D9}.Debug|Any CPU.ActiveCfg = Debug|Any CPU
		{37F6CF9C-5CFB-4D20-AA1F-1163D9A1F5D9}.Debug|Any CPU.Build.0 = Debug|Any CPU
		{37F6CF9C-5CFB-4D20-AA1F-1163D9A1F5D9}.Release|Any CPU.ActiveCfg = Release|Any CPU
		{37F6CF9C-5CFB-4D20-AA1F-1163D9A1F5D9}.Release|Any CPU.Build.0 = Release|Any CPU
		{D24F4C89-7FDF-4B54-AE94-D970103A539C}.Debug|Any CPU.ActiveCfg = Debug|Any CPU
		{D24F4C89-7FDF-4B54-AE94-D970103A539C}.Debug|Any CPU.Build.0 = Debug|Any CPU
		{D24F4C89-7FDF-4B54-AE94-D970103A539C}.Release|Any CPU.ActiveCfg = Release|Any CPU
		{D24F4C89-7FDF-4B54-AE94-D970103A539C}.Release|Any CPU.Build.0 = Release|Any CPU
		{D7561E3E-23F3-4C93-9D63-325192E3DD50}.Debug|Any CPU.ActiveCfg = Debug|Any CPU
		{D7561E3E-23F3-4C93-9D63-325192E3DD50}.Debug|Any CPU.Build.0 = Debug|Any CPU
		{D7561E3E-23F3-4C93-9D63-325192E3DD50}.Release|Any CPU.ActiveCfg = Release|Any CPU
		{D7561E3E-23F3-4C93-9D63-325192E3DD50}.Release|Any CPU.Build.0 = Release|Any CPU
		{527D39D1-C8B9-46A4-BAA5-FD56B30DAC72}.Debug|Any CPU.ActiveCfg = Debug|Any CPU
		{527D39D1-C8B9-46A4-BAA5-FD56B30DAC72}.Debug|Any CPU.Build.0 = Debug|Any CPU
		{527D39D1-C8B9-46A4-BAA5-FD56B30DAC72}.Release|Any CPU.ActiveCfg = Release|Any CPU
		{527D39D1-C8B9-46A4-BAA5-FD56B30DAC72}.Release|Any CPU.Build.0 = Release|Any CPU
		{A0CD70E1-C609-43C0-BEC2-E462496E395C}.Debug|Any CPU.ActiveCfg = Debug|Any CPU
		{A0CD70E1-C609-43C0-BEC2-E462496E395C}.Debug|Any CPU.Build.0 = Debug|Any CPU
		{A0CD70E1-C609-43C0-BEC2-E462496E395C}.Release|Any CPU.ActiveCfg = Release|Any CPU
		{A0CD70E1-C609-43C0-BEC2-E462496E395C}.Release|Any CPU.Build.0 = Release|Any CPU
		{26EEB3CF-832E-4E6B-8055-89C2F473C3B7}.Debug|Any CPU.ActiveCfg = Debug|Any CPU
		{26EEB3CF-832E-4E6B-8055-89C2F473C3B7}.Debug|Any CPU.Build.0 = Debug|Any CPU
		{26EEB3CF-832E-4E6B-8055-89C2F473C3B7}.Release|Any CPU.ActiveCfg = Release|Any CPU
		{26EEB3CF-832E-4E6B-8055-89C2F473C3B7}.Release|Any CPU.Build.0 = Release|Any CPU
		{038368C3-6F98-405A-8587-7A75CE971DA0}.Debug|Any CPU.ActiveCfg = Debug|Any CPU
		{038368C3-6F98-405A-8587-7A75CE971DA0}.Debug|Any CPU.Build.0 = Debug|Any CPU
		{038368C3-6F98-405A-8587-7A75CE971DA0}.Release|Any CPU.ActiveCfg = Release|Any CPU
		{038368C3-6F98-405A-8587-7A75CE971DA0}.Release|Any CPU.Build.0 = Release|Any CPU
		{5D121E6C-CD00-4495-9105-0CFD612F0E67}.Debug|Any CPU.ActiveCfg = Debug|Any CPU
		{5D121E6C-CD00-4495-9105-0CFD612F0E67}.Debug|Any CPU.Build.0 = Debug|Any CPU
		{5D121E6C-CD00-4495-9105-0CFD612F0E67}.Release|Any CPU.ActiveCfg = Release|Any CPU
		{5D121E6C-CD00-4495-9105-0CFD612F0E67}.Release|Any CPU.Build.0 = Release|Any CPU
		{BA44F542-31AE-4E93-AD1F-CE895B7B38EF}.Debug|Any CPU.ActiveCfg = Debug|Any CPU
		{BA44F542-31AE-4E93-AD1F-CE895B7B38EF}.Debug|Any CPU.Build.0 = Debug|Any CPU
		{BA44F542-31AE-4E93-AD1F-CE895B7B38EF}.Release|Any CPU.ActiveCfg = Release|Any CPU
		{BA44F542-31AE-4E93-AD1F-CE895B7B38EF}.Release|Any CPU.Build.0 = Release|Any CPU
		{62FAAA39-9114-4A5C-89B1-D4A30A68C006}.Debug|Any CPU.ActiveCfg = Debug|Any CPU
		{62FAAA39-9114-4A5C-89B1-D4A30A68C006}.Debug|Any CPU.Build.0 = Debug|Any CPU
		{62FAAA39-9114-4A5C-89B1-D4A30A68C006}.Release|Any CPU.ActiveCfg = Release|Any CPU
		{62FAAA39-9114-4A5C-89B1-D4A30A68C006}.Release|Any CPU.Build.0 = Release|Any CPU
	EndGlobalSection
	GlobalSection(SolutionProperties) = preSolution
		HideSolutionNode = FALSE
	EndGlobalSection
	GlobalSection(ExtensibilityGlobals) = postSolution
		SolutionGuid = {62D29F9B-E7F3-4827-9658-5CF0B1C9A742}
	EndGlobalSection
EndGlobal
