
Microsoft Visual Studio Solution File, Format Version 12.00
# Visual Studio Version 17
VisualStudioVersion = 17.0.31903.59
MinimumVisualStudioVersion = 10.0.40219.1
Project("{9A19103F-16F7-4668-BE54-9A1E7A4F7556}") = "CollisionDetection.Library", "CollisionDetection.Library\CollisionDetection.Library.csproj", "{2EF17349-2CA8-4EE5-90A8-9FD6F903E31C}"
EndProject
Project("{9A19103F-16F7-4668-BE54-9A1E7A4F7556}") = "CollisionDetection.Tests", "CollisionDetection.Tests\CollisionDetection.Tests.csproj", "{C57A350B-0C17-43FE-A7DA-9F438F7A698C}"
EndProject
Project("{FAE04EC0-301F-11D3-BF4B-00C04F79EFBC}") = "CollisionDetection.Timer", "CollisionDetection.Timer\CollisionDetection.Timer.csproj", "{1942F233-AEB3-4B7F-B758-79F1025905EA}"
EndProject
Global
	GlobalSection(SolutionConfigurationPlatforms) = preSolution
		Debug|Any CPU = Debug|Any CPU
		Release|Any CPU = Release|Any CPU
	EndGlobalSection
	GlobalSection(ProjectConfigurationPlatforms) = postSolution
		{2EF17349-2CA8-4EE5-90A8-9FD6F903E31C}.Debug|Any CPU.ActiveCfg = Debug|Any CPU
		{2EF17349-2CA8-4EE5-90A8-9FD6F903E31C}.Debug|Any CPU.Build.0 = Debug|Any CPU
		{2EF17349-2CA8-4EE5-90A8-9FD6F903E31C}.Release|Any CPU.ActiveCfg = Release|Any CPU
		{2EF17349-2CA8-4EE5-90A8-9FD6F903E31C}.Release|Any CPU.Build.0 = Release|Any CPU
		{C57A350B-0C17-43FE-A7DA-9F438F7A698C}.Debug|Any CPU.ActiveCfg = Debug|Any CPU
		{C57A350B-0C17-43FE-A7DA-9F438F7A698C}.Debug|Any CPU.Build.0 = Debug|Any CPU
		{C57A350B-0C17-43FE-A7DA-9F438F7A698C}.Release|Any CPU.ActiveCfg = Release|Any CPU
		{C57A350B-0C17-43FE-A7DA-9F438F7A698C}.Release|Any CPU.Build.0 = Release|Any CPU
		{1942F233-AEB3-4B7F-B758-79F1025905EA}.Debug|Any CPU.ActiveCfg = Debug|Any CPU
		{1942F233-AEB3-4B7F-B758-79F1025905EA}.Debug|Any CPU.Build.0 = Debug|Any CPU
		{1942F233-AEB3-4B7F-B758-79F1025905EA}.Release|Any CPU.ActiveCfg = Release|Any CPU
		{1942F233-AEB3-4B7F-B758-79F1025905EA}.Release|Any CPU.Build.0 = Release|Any CPU
	EndGlobalSection
	GlobalSection(SolutionProperties) = preSolution
		HideSolutionNode = FALSE
	EndGlobalSection
	GlobalSection(ExtensibilityGlobals) = postSolution
		SolutionGuid = {200872CE-F088-4ECB-8999-F1AE887C460A}
	EndGlobalSection
EndGlobal
